
Microsoft Visual Studio Solution File, Format Version 12.00
# Visual Studio Version 16
VisualStudioVersion = 16.0.29920.165
MinimumVisualStudioVersion = 10.0.40219.1
Project("{2150E333-8FDC-42A3-9474-1A3956D46DE8}") = "tests", "tests", "{262E075C-FE74-4B7C-B3C4-EBA94287E60B}"
EndProject
Project("{2150E333-8FDC-42A3-9474-1A3956D46DE8}") = "samples", "samples", "{E4953EE3-7460-43DF-A5B9-603145652C93}"
EndProject
Project("{2150E333-8FDC-42A3-9474-1A3956D46DE8}") = "Solution Items", "Solution Items", "{F6EF17FF-933F-472A-84A8-47B25F8F763F}"
	ProjectSection(SolutionItems) = preProject
		..\.gitignore = ..\.gitignore
		..\.gitlab-ci.yml = ..\.gitlab-ci.yml
		..\LICENSE.md = ..\LICENSE.md
		..\README.md = ..\README.md
		..\THIRD_PARTY_LICENSES.md = ..\THIRD_PARTY_LICENSES.md
	EndProjectSection
EndProject
Project("{9A19103F-16F7-4668-BE54-9A1E7A4F7556}") = "FluiTec.AppFx.Data.Tests", "tests\FluiTec.AppFx.Data.Tests\FluiTec.AppFx.Data.Tests.csproj", "{D5860DF3-12AA-4C5A-B328-7E7CE79B58E9}"
EndProject
Project("{9A19103F-16F7-4668-BE54-9A1E7A4F7556}") = "FluiTec.AppFx.Data.Sql", "FluiTec.AppFx.Data.Sql\FluiTec.AppFx.Data.Sql.csproj", "{AE9AB2E5-44FC-4C6E-A545-9B7CB5226301}"
EndProject
Project("{9A19103F-16F7-4668-BE54-9A1E7A4F7556}") = "FluiTec.AppFx.Data", "FluiTec.AppFx.Data\FluiTec.AppFx.Data.csproj", "{6C90BE1E-F19A-441D-A64E-B58AC310F98E}"
EndProject
Project("{9A19103F-16F7-4668-BE54-9A1E7A4F7556}") = "FluiTec.AppFx.Data.Dapper", "FluiTec.AppFx.Data.Dapper\FluiTec.AppFx.Data.Dapper.csproj", "{C5680CDE-6E33-4C64-9365-E325FD744827}"
EndProject
Project("{FAE04EC0-301F-11D3-BF4B-00C04F79EFBC}") = "FluiTec.AppRFx.Data.Dapper.Tests", "FluiTec.AppRFx.Data.Dapper.Tests\FluiTec.AppRFx.Data.Dapper.Tests.csproj", "{DF6C8B69-F9C0-47B7-82FA-0BF1F45C539E}"
EndProject
Project("{9A19103F-16F7-4668-BE54-9A1E7A4F7556}") = "FluiTec.AppFx.Data.Sql.Tests", "tests\FluiTec.AppFx.Data.Sql.Tests\FluiTec.AppFx.Data.Sql.Tests.csproj", "{B7F20419-78EC-4433-A6BD-2B38F1C9F7B3}"
EndProject
Global
	GlobalSection(SolutionConfigurationPlatforms) = preSolution
		Debug|Any CPU = Debug|Any CPU
		Release|Any CPU = Release|Any CPU
	EndGlobalSection
	GlobalSection(ProjectConfigurationPlatforms) = postSolution
		{D5860DF3-12AA-4C5A-B328-7E7CE79B58E9}.Debug|Any CPU.ActiveCfg = Debug|Any CPU
		{D5860DF3-12AA-4C5A-B328-7E7CE79B58E9}.Debug|Any CPU.Build.0 = Debug|Any CPU
		{D5860DF3-12AA-4C5A-B328-7E7CE79B58E9}.Release|Any CPU.ActiveCfg = Release|Any CPU
		{D5860DF3-12AA-4C5A-B328-7E7CE79B58E9}.Release|Any CPU.Build.0 = Release|Any CPU
		{AE9AB2E5-44FC-4C6E-A545-9B7CB5226301}.Debug|Any CPU.ActiveCfg = Debug|Any CPU
		{AE9AB2E5-44FC-4C6E-A545-9B7CB5226301}.Debug|Any CPU.Build.0 = Debug|Any CPU
		{AE9AB2E5-44FC-4C6E-A545-9B7CB5226301}.Release|Any CPU.ActiveCfg = Release|Any CPU
		{AE9AB2E5-44FC-4C6E-A545-9B7CB5226301}.Release|Any CPU.Build.0 = Release|Any CPU
		{6C90BE1E-F19A-441D-A64E-B58AC310F98E}.Debug|Any CPU.ActiveCfg = Debug|Any CPU
		{6C90BE1E-F19A-441D-A64E-B58AC310F98E}.Debug|Any CPU.Build.0 = Debug|Any CPU
		{6C90BE1E-F19A-441D-A64E-B58AC310F98E}.Release|Any CPU.ActiveCfg = Release|Any CPU
		{6C90BE1E-F19A-441D-A64E-B58AC310F98E}.Release|Any CPU.Build.0 = Release|Any CPU
		{C5680CDE-6E33-4C64-9365-E325FD744827}.Debug|Any CPU.ActiveCfg = Debug|Any CPU
		{C5680CDE-6E33-4C64-9365-E325FD744827}.Debug|Any CPU.Build.0 = Debug|Any CPU
		{C5680CDE-6E33-4C64-9365-E325FD744827}.Release|Any CPU.ActiveCfg = Release|Any CPU
		{C5680CDE-6E33-4C64-9365-E325FD744827}.Release|Any CPU.Build.0 = Release|Any CPU
		{DF6C8B69-F9C0-47B7-82FA-0BF1F45C539E}.Debug|Any CPU.ActiveCfg = Debug|Any CPU
		{DF6C8B69-F9C0-47B7-82FA-0BF1F45C539E}.Debug|Any CPU.Build.0 = Debug|Any CPU
		{DF6C8B69-F9C0-47B7-82FA-0BF1F45C539E}.Release|Any CPU.ActiveCfg = Release|Any CPU
		{DF6C8B69-F9C0-47B7-82FA-0BF1F45C539E}.Release|Any CPU.Build.0 = Release|Any CPU
		{B7F20419-78EC-4433-A6BD-2B38F1C9F7B3}.Debug|Any CPU.ActiveCfg = Debug|Any CPU
		{B7F20419-78EC-4433-A6BD-2B38F1C9F7B3}.Debug|Any CPU.Build.0 = Debug|Any CPU
		{B7F20419-78EC-4433-A6BD-2B38F1C9F7B3}.Release|Any CPU.ActiveCfg = Release|Any CPU
		{B7F20419-78EC-4433-A6BD-2B38F1C9F7B3}.Release|Any CPU.Build.0 = Release|Any CPU
	EndGlobalSection
	GlobalSection(SolutionProperties) = preSolution
		HideSolutionNode = FALSE
	EndGlobalSection
	GlobalSection(NestedProjects) = preSolution
		{D5860DF3-12AA-4C5A-B328-7E7CE79B58E9} = {262E075C-FE74-4B7C-B3C4-EBA94287E60B}
		{DF6C8B69-F9C0-47B7-82FA-0BF1F45C539E} = {262E075C-FE74-4B7C-B3C4-EBA94287E60B}
		{B7F20419-78EC-4433-A6BD-2B38F1C9F7B3} = {262E075C-FE74-4B7C-B3C4-EBA94287E60B}
	EndGlobalSection
	GlobalSection(ExtensibilityGlobals) = postSolution
		SolutionGuid = {132CEE37-A97D-40BB-90D5-CEEE78D7BB25}
	EndGlobalSection
EndGlobal
