
Microsoft Visual Studio Solution File, Format Version 12.00
# Visual Studio Version 16
VisualStudioVersion = 16.0.29920.165
MinimumVisualStudioVersion = 10.0.40219.1
Project("{2150E333-8FDC-42A3-9474-1A3956D46DE8}") = "tests", "tests", "{262E075C-FE74-4B7C-B3C4-EBA94287E60B}"
EndProject
Project("{2150E333-8FDC-42A3-9474-1A3956D46DE8}") = "samples", "samples", "{E4953EE3-7460-43DF-A5B9-603145652C93}"
EndProject
Project("{2150E333-8FDC-42A3-9474-1A3956D46DE8}") = "Solution Items", "Solution Items", "{F6EF17FF-933F-472A-84A8-47B25F8F763F}"
	ProjectSection(SolutionItems) = preProject
		..\.gitignore = ..\.gitignore
		..\.gitlab-ci.yml = ..\.gitlab-ci.yml
		..\.gitmodules = ..\.gitmodules
		..\LICENSE.md = ..\LICENSE.md
		..\README.md = ..\README.md
		..\THIRD_PARTY_LICENSES.md = ..\THIRD_PARTY_LICENSES.md
	EndProjectSection
EndProject
Project("{9A19103F-16F7-4668-BE54-9A1E7A4F7556}") = "FluiTec.AppFx.Data.Tests", "tests\FluiTec.AppFx.Data.Tests\FluiTec.AppFx.Data.Tests.csproj", "{D5860DF3-12AA-4C5A-B328-7E7CE79B58E9}"
EndProject
Project("{9A19103F-16F7-4668-BE54-9A1E7A4F7556}") = "FluiTec.AppFx.Data.Sql", "FluiTec.AppFx.Data.Sql\FluiTec.AppFx.Data.Sql.csproj", "{AE9AB2E5-44FC-4C6E-A545-9B7CB5226301}"
EndProject
Project("{9A19103F-16F7-4668-BE54-9A1E7A4F7556}") = "FluiTec.AppFx.Data", "FluiTec.AppFx.Data\FluiTec.AppFx.Data.csproj", "{6C90BE1E-F19A-441D-A64E-B58AC310F98E}"
EndProject
Project("{9A19103F-16F7-4668-BE54-9A1E7A4F7556}") = "FluiTec.AppFx.Data.Dapper", "FluiTec.AppFx.Data.Dapper\FluiTec.AppFx.Data.Dapper.csproj", "{C5680CDE-6E33-4C64-9365-E325FD744827}"
EndProject
Project("{9A19103F-16F7-4668-BE54-9A1E7A4F7556}") = "FluiTec.AppRFx.Data.Dapper.Tests", "FluiTec.AppRFx.Data.Dapper.Tests\FluiTec.AppRFx.Data.Dapper.Tests.csproj", "{DF6C8B69-F9C0-47B7-82FA-0BF1F45C539E}"
EndProject
Project("{9A19103F-16F7-4668-BE54-9A1E7A4F7556}") = "FluiTec.AppFx.Data.Sql.Tests", "tests\FluiTec.AppFx.Data.Sql.Tests\FluiTec.AppFx.Data.Sql.Tests.csproj", "{B7F20419-78EC-4433-A6BD-2B38F1C9F7B3}"
EndProject
Project("{9A19103F-16F7-4668-BE54-9A1E7A4F7556}") = "FluiTec.AppFx.Data.Dapper.Mssql", "FluiTec.AppFx.Data.Dapper.Mssql\FluiTec.AppFx.Data.Dapper.Mssql.csproj", "{0F0E8497-9C7F-4898-B69B-F160DAA86416}"
EndProject
Project("{2150E333-8FDC-42A3-9474-1A3956D46DE8}") = "modules", "modules", "{06518704-6D4C-44E1-88E9-6172EFCF52AB}"
EndProject
Project("{2150E333-8FDC-42A3-9474-1A3956D46DE8}") = "module.fluitec.appfx.options", "module.fluitec.appfx.options", "{8E844F93-5EF5-4381-B926-F8412FD5BD76}"
EndProject
Project("{9A19103F-16F7-4668-BE54-9A1E7A4F7556}") = "FluiTec.AppFx.Options", "..\fluitec.appfx.options\src\FluiTec.AppFx.Options\FluiTec.AppFx.Options.csproj", "{28AA5FD5-7462-42A7-A0DC-52E31544B1AA}"
EndProject
Project("{9A19103F-16F7-4668-BE54-9A1E7A4F7556}") = "FluiTec.AppFx.Options.Tests", "..\fluitec.appfx.options\src\tests\FluiTec.AppFx.Options.Tests\FluiTec.AppFx.Options.Tests.csproj", "{E597F042-ACF5-41AD-A266-9B5CB4AC884D}"
EndProject
Project("{9A19103F-16F7-4668-BE54-9A1E7A4F7556}") = "FluiTec.AppFx.Data.Dapper.Mysql", "FluiTec.AppFx.Data.Dapper.Mysql\FluiTec.AppFx.Data.Dapper.Mysql.csproj", "{DB3AF51D-A7E4-46D3-A1AF-EDCF3BB0F9B8}"
EndProject
Project("{9A19103F-16F7-4668-BE54-9A1E7A4F7556}") = "FluiTec.AppFx.Data.Dapper.Pgsql", "FluiTec.AppFx.Data.Dapper.Pgsql\FluiTec.AppFx.Data.Dapper.Pgsql.csproj", "{A05B9246-2FC6-458B-A11D-17454202366D}"
EndProject
Project("{9A19103F-16F7-4668-BE54-9A1E7A4F7556}") = "FluiTec.AppFx.Data.Dapper.SqLite", "FluiTec.AppFx.Data.Dapper.SqLite\FluiTec.AppFx.Data.Dapper.SqLite.csproj", "{7EA397CA-E4E6-4C68-97F5-7B474EC7A7F9}"
EndProject
Project("{FAE04EC0-301F-11D3-BF4B-00C04F79EFBC}") = "FluiTec.AppFx.Data.LiteDb", "FluiTec.AppFx.Data.LiteDb\FluiTec.AppFx.Data.LiteDb.csproj", "{3AF80051-A9A3-4DAA-B478-79BFC4350385}"
EndProject
Global
	GlobalSection(SolutionConfigurationPlatforms) = preSolution
		Debug|Any CPU = Debug|Any CPU
		Release|Any CPU = Release|Any CPU
	EndGlobalSection
	GlobalSection(ProjectConfigurationPlatforms) = postSolution
		{D5860DF3-12AA-4C5A-B328-7E7CE79B58E9}.Debug|Any CPU.ActiveCfg = Debug|Any CPU
		{D5860DF3-12AA-4C5A-B328-7E7CE79B58E9}.Debug|Any CPU.Build.0 = Debug|Any CPU
		{D5860DF3-12AA-4C5A-B328-7E7CE79B58E9}.Release|Any CPU.ActiveCfg = Release|Any CPU
		{D5860DF3-12AA-4C5A-B328-7E7CE79B58E9}.Release|Any CPU.Build.0 = Release|Any CPU
		{AE9AB2E5-44FC-4C6E-A545-9B7CB5226301}.Debug|Any CPU.ActiveCfg = Debug|Any CPU
		{AE9AB2E5-44FC-4C6E-A545-9B7CB5226301}.Debug|Any CPU.Build.0 = Debug|Any CPU
		{AE9AB2E5-44FC-4C6E-A545-9B7CB5226301}.Release|Any CPU.ActiveCfg = Release|Any CPU
		{AE9AB2E5-44FC-4C6E-A545-9B7CB5226301}.Release|Any CPU.Build.0 = Release|Any CPU
		{6C90BE1E-F19A-441D-A64E-B58AC310F98E}.Debug|Any CPU.ActiveCfg = Debug|Any CPU
		{6C90BE1E-F19A-441D-A64E-B58AC310F98E}.Debug|Any CPU.Build.0 = Debug|Any CPU
		{6C90BE1E-F19A-441D-A64E-B58AC310F98E}.Release|Any CPU.ActiveCfg = Release|Any CPU
		{6C90BE1E-F19A-441D-A64E-B58AC310F98E}.Release|Any CPU.Build.0 = Release|Any CPU
		{C5680CDE-6E33-4C64-9365-E325FD744827}.Debug|Any CPU.ActiveCfg = Debug|Any CPU
		{C5680CDE-6E33-4C64-9365-E325FD744827}.Debug|Any CPU.Build.0 = Debug|Any CPU
		{C5680CDE-6E33-4C64-9365-E325FD744827}.Release|Any CPU.ActiveCfg = Release|Any CPU
		{C5680CDE-6E33-4C64-9365-E325FD744827}.Release|Any CPU.Build.0 = Release|Any CPU
		{DF6C8B69-F9C0-47B7-82FA-0BF1F45C539E}.Debug|Any CPU.ActiveCfg = Debug|Any CPU
		{DF6C8B69-F9C0-47B7-82FA-0BF1F45C539E}.Debug|Any CPU.Build.0 = Debug|Any CPU
		{DF6C8B69-F9C0-47B7-82FA-0BF1F45C539E}.Release|Any CPU.ActiveCfg = Release|Any CPU
		{DF6C8B69-F9C0-47B7-82FA-0BF1F45C539E}.Release|Any CPU.Build.0 = Release|Any CPU
		{B7F20419-78EC-4433-A6BD-2B38F1C9F7B3}.Debug|Any CPU.ActiveCfg = Debug|Any CPU
		{B7F20419-78EC-4433-A6BD-2B38F1C9F7B3}.Debug|Any CPU.Build.0 = Debug|Any CPU
		{B7F20419-78EC-4433-A6BD-2B38F1C9F7B3}.Release|Any CPU.ActiveCfg = Release|Any CPU
		{B7F20419-78EC-4433-A6BD-2B38F1C9F7B3}.Release|Any CPU.Build.0 = Release|Any CPU
		{0F0E8497-9C7F-4898-B69B-F160DAA86416}.Debug|Any CPU.ActiveCfg = Debug|Any CPU
		{0F0E8497-9C7F-4898-B69B-F160DAA86416}.Debug|Any CPU.Build.0 = Debug|Any CPU
		{0F0E8497-9C7F-4898-B69B-F160DAA86416}.Release|Any CPU.ActiveCfg = Release|Any CPU
		{0F0E8497-9C7F-4898-B69B-F160DAA86416}.Release|Any CPU.Build.0 = Release|Any CPU
		{28AA5FD5-7462-42A7-A0DC-52E31544B1AA}.Debug|Any CPU.ActiveCfg = Debug|Any CPU
		{28AA5FD5-7462-42A7-A0DC-52E31544B1AA}.Debug|Any CPU.Build.0 = Debug|Any CPU
		{28AA5FD5-7462-42A7-A0DC-52E31544B1AA}.Release|Any CPU.ActiveCfg = Release|Any CPU
		{28AA5FD5-7462-42A7-A0DC-52E31544B1AA}.Release|Any CPU.Build.0 = Release|Any CPU
		{E597F042-ACF5-41AD-A266-9B5CB4AC884D}.Debug|Any CPU.ActiveCfg = Debug|Any CPU
		{E597F042-ACF5-41AD-A266-9B5CB4AC884D}.Debug|Any CPU.Build.0 = Debug|Any CPU
		{E597F042-ACF5-41AD-A266-9B5CB4AC884D}.Release|Any CPU.ActiveCfg = Release|Any CPU
		{E597F042-ACF5-41AD-A266-9B5CB4AC884D}.Release|Any CPU.Build.0 = Release|Any CPU
		{DB3AF51D-A7E4-46D3-A1AF-EDCF3BB0F9B8}.Debug|Any CPU.ActiveCfg = Debug|Any CPU
		{DB3AF51D-A7E4-46D3-A1AF-EDCF3BB0F9B8}.Debug|Any CPU.Build.0 = Debug|Any CPU
		{DB3AF51D-A7E4-46D3-A1AF-EDCF3BB0F9B8}.Release|Any CPU.ActiveCfg = Release|Any CPU
		{DB3AF51D-A7E4-46D3-A1AF-EDCF3BB0F9B8}.Release|Any CPU.Build.0 = Release|Any CPU
		{A05B9246-2FC6-458B-A11D-17454202366D}.Debug|Any CPU.ActiveCfg = Debug|Any CPU
		{A05B9246-2FC6-458B-A11D-17454202366D}.Debug|Any CPU.Build.0 = Debug|Any CPU
		{A05B9246-2FC6-458B-A11D-17454202366D}.Release|Any CPU.ActiveCfg = Release|Any CPU
		{A05B9246-2FC6-458B-A11D-17454202366D}.Release|Any CPU.Build.0 = Release|Any CPU
		{7EA397CA-E4E6-4C68-97F5-7B474EC7A7F9}.Debug|Any CPU.ActiveCfg = Debug|Any CPU
		{7EA397CA-E4E6-4C68-97F5-7B474EC7A7F9}.Debug|Any CPU.Build.0 = Debug|Any CPU
		{7EA397CA-E4E6-4C68-97F5-7B474EC7A7F9}.Release|Any CPU.ActiveCfg = Release|Any CPU
		{7EA397CA-E4E6-4C68-97F5-7B474EC7A7F9}.Release|Any CPU.Build.0 = Release|Any CPU
		{3AF80051-A9A3-4DAA-B478-79BFC4350385}.Debug|Any CPU.ActiveCfg = Debug|Any CPU
		{3AF80051-A9A3-4DAA-B478-79BFC4350385}.Debug|Any CPU.Build.0 = Debug|Any CPU
		{3AF80051-A9A3-4DAA-B478-79BFC4350385}.Release|Any CPU.ActiveCfg = Release|Any CPU
		{3AF80051-A9A3-4DAA-B478-79BFC4350385}.Release|Any CPU.Build.0 = Release|Any CPU
	EndGlobalSection
	GlobalSection(SolutionProperties) = preSolution
		HideSolutionNode = FALSE
	EndGlobalSection
	GlobalSection(NestedProjects) = preSolution
		{D5860DF3-12AA-4C5A-B328-7E7CE79B58E9} = {262E075C-FE74-4B7C-B3C4-EBA94287E60B}
		{DF6C8B69-F9C0-47B7-82FA-0BF1F45C539E} = {262E075C-FE74-4B7C-B3C4-EBA94287E60B}
		{B7F20419-78EC-4433-A6BD-2B38F1C9F7B3} = {262E075C-FE74-4B7C-B3C4-EBA94287E60B}
		{8E844F93-5EF5-4381-B926-F8412FD5BD76} = {06518704-6D4C-44E1-88E9-6172EFCF52AB}
		{28AA5FD5-7462-42A7-A0DC-52E31544B1AA} = {8E844F93-5EF5-4381-B926-F8412FD5BD76}
		{E597F042-ACF5-41AD-A266-9B5CB4AC884D} = {8E844F93-5EF5-4381-B926-F8412FD5BD76}
	EndGlobalSection
	GlobalSection(ExtensibilityGlobals) = postSolution
		SolutionGuid = {132CEE37-A97D-40BB-90D5-CEEE78D7BB25}
	EndGlobalSection
EndGlobal
